// !$*UTF8*$!
{
	archiveVersion = 1;
	classes = {
	};
	objectVersion = 46;
	objects = {

/* Begin PBXAggregateTarget section */
		1F43E45A19C8D71C0012C668 /* BUILD ALL */ = {
			isa = PBXAggregateTarget;
			buildConfigurationList = 1F43E45B19C8D71C0012C668 /* Build configuration list for PBXAggregateTarget "BUILD ALL" */;
			buildPhases = (
				1FAC222619D09C2C000D9052 /* CopyFiles */,
				1FC6E7A519DE36C00082AE73 /* ShellScript */,
			);
			dependencies = (
				1F43E45F19C8D7260012C668 /* PBXTargetDependency */,
				1F43E46119C8D7260012C668 /* PBXTargetDependency */,
			);
			name = "BUILD ALL";
			productName = "BUILD ALL";
		};
/* End PBXAggregateTarget section */

/* Begin PBXBuildFile section */
		1F0466E019F5CD450079D03F /* Noise.h in Headers */ = {isa = PBXBuildFile; fileRef = 1F0466DF19F5CD450079D03F /* Noise.h */; };
		1F0466E119F5CD450079D03F /* Noise.h in Headers */ = {isa = PBXBuildFile; fileRef = 1F0466DF19F5CD450079D03F /* Noise.h */; };
		1F0A763319D264210094C6F5 /* Denormal.h in Headers */ = {isa = PBXBuildFile; fileRef = 1F0A763219D264210094C6F5 /* Denormal.h */; };
		1F0A763419D264210094C6F5 /* Denormal.h in Headers */ = {isa = PBXBuildFile; fileRef = 1F0A763219D264210094C6F5 /* Denormal.h */; };
		1F0A763919D267320094C6F5 /* DSGMath.h in Headers */ = {isa = PBXBuildFile; fileRef = 1F0A763819D267320094C6F5 /* DSGMath.h */; };
		1F0A763A19D267320094C6F5 /* DSGMath.h in Headers */ = {isa = PBXBuildFile; fileRef = 1F0A763819D267320094C6F5 /* DSGMath.h */; };
		1F1092D219E148F5002DF1A2 /* Sleep.h in Headers */ = {isa = PBXBuildFile; fileRef = 1F1092D119E148F5002DF1A2 /* Sleep.h */; };
		1F1092D319E148F5002DF1A2 /* Sleep.h in Headers */ = {isa = PBXBuildFile; fileRef = 1F1092D119E148F5002DF1A2 /* Sleep.h */; };
		1F12355619FF791000E63D40 /* Random.h in Headers */ = {isa = PBXBuildFile; fileRef = 1F12355519FF791000E63D40 /* Random.h */; };
		1F12355719FF791000E63D40 /* Random.h in Headers */ = {isa = PBXBuildFile; fileRef = 1F12355519FF791000E63D40 /* Random.h */; };
		1F27F9CF19FA08F0008D2153 /* Delay.h in Headers */ = {isa = PBXBuildFile; fileRef = 1F27F9CC19FA08F0008D2153 /* Delay.h */; };
		1F27F9D019FA08F0008D2153 /* Delay.h in Headers */ = {isa = PBXBuildFile; fileRef = 1F27F9CC19FA08F0008D2153 /* Delay.h */; };
		1F3F9F8F19F72632008D3B8B /* Interpolate.h in Headers */ = {isa = PBXBuildFile; fileRef = 1F3F9F8E19F72632008D3B8B /* Interpolate.h */; };
		1F3F9F9019F72632008D3B8B /* Interpolate.h in Headers */ = {isa = PBXBuildFile; fileRef = 1F3F9F8E19F72632008D3B8B /* Interpolate.h */; };
		1F43E46919C900110012C668 /* main.cpp in Sources */ = {isa = PBXBuildFile; fileRef = 1F43E46819C900110012C668 /* main.cpp */; };
		1F43E46B19C900110012C668 /* DSG_TEST.1 in CopyFiles */ = {isa = PBXBuildFile; fileRef = 1F43E46A19C900110012C668 /* DSG_TEST.1 */; };
		1F43E47619C901230012C668 /* libDSG.dylib in Frameworks */ = {isa = PBXBuildFile; fileRef = 1F43E41E19C8D5ED0012C668 /* libDSG.dylib */; };
		1F49BFDA19E5EDB500EA40ED /* Pink.h in Headers */ = {isa = PBXBuildFile; fileRef = 1F49BFD919E5EDB500EA40ED /* Pink.h */; };
		1F49BFDB19E5EDB500EA40ED /* Pink.h in Headers */ = {isa = PBXBuildFile; fileRef = 1F49BFD919E5EDB500EA40ED /* Pink.h */; };
		1F4CA45A19F6DEBA008CFD8C /* GenericGenerator.cpp in Sources */ = {isa = PBXBuildFile; fileRef = 1F4CA45819F6DEBA008CFD8C /* GenericGenerator.cpp */; };
		1F4CA45B19F6DEBA008CFD8C /* GenericGenerator.cpp in Sources */ = {isa = PBXBuildFile; fileRef = 1F4CA45819F6DEBA008CFD8C /* GenericGenerator.cpp */; };
		1F4CA45C19F6DEBA008CFD8C /* GenericGenerator.h in Headers */ = {isa = PBXBuildFile; fileRef = 1F4CA45919F6DEBA008CFD8C /* GenericGenerator.h */; };
		1F4CA45D19F6DEBA008CFD8C /* GenericGenerator.h in Headers */ = {isa = PBXBuildFile; fileRef = 1F4CA45919F6DEBA008CFD8C /* GenericGenerator.h */; };
		1F7123A319ED928B0066884B /* BufferConversion.h in Headers */ = {isa = PBXBuildFile; fileRef = 1F7123A019ED928B0066884B /* BufferConversion.h */; };
		1F7123A419ED928B0066884B /* BufferConversion.h in Headers */ = {isa = PBXBuildFile; fileRef = 1F7123A019ED928B0066884B /* BufferConversion.h */; };
		1F7387271A1BCD96002D4A50 /* FourierSeries.cpp in Sources */ = {isa = PBXBuildFile; fileRef = 1F7387251A1BCD96002D4A50 /* FourierSeries.cpp */; };
		1F7387281A1BCD96002D4A50 /* FourierSeries.cpp in Sources */ = {isa = PBXBuildFile; fileRef = 1F7387251A1BCD96002D4A50 /* FourierSeries.cpp */; };
		1F7387291A1BCD96002D4A50 /* FourierSeries.h in Headers */ = {isa = PBXBuildFile; fileRef = 1F7387261A1BCD96002D4A50 /* FourierSeries.h */; };
		1F73872A1A1BCD96002D4A50 /* FourierSeries.h in Headers */ = {isa = PBXBuildFile; fileRef = 1F7387261A1BCD96002D4A50 /* FourierSeries.h */; };
		1F7548DC1A0ABB410078A1F6 /* DSF.h in Headers */ = {isa = PBXBuildFile; fileRef = 1F7548D91A0ABB410078A1F6 /* DSF.h */; };
		1F7548DD1A0ABB410078A1F6 /* DSF.h in Headers */ = {isa = PBXBuildFile; fileRef = 1F7548D91A0ABB410078A1F6 /* DSF.h */; };
		1F89D72B19EBA2EF00794DCD /* DCBlocker.cpp in Sources */ = {isa = PBXBuildFile; fileRef = 1F89D72919EBA2EF00794DCD /* DCBlocker.cpp */; };
		1F89D72C19EBA2EF00794DCD /* DCBlocker.cpp in Sources */ = {isa = PBXBuildFile; fileRef = 1F89D72919EBA2EF00794DCD /* DCBlocker.cpp */; };
		1F89D72D19EBA2EF00794DCD /* DCBlocker.h in Headers */ = {isa = PBXBuildFile; fileRef = 1F89D72A19EBA2EF00794DCD /* DCBlocker.h */; };
		1F89D72E19EBA2EF00794DCD /* DCBlocker.h in Headers */ = {isa = PBXBuildFile; fileRef = 1F89D72A19EBA2EF00794DCD /* DCBlocker.h */; };
		1F949F9919FEF91A00C0DF7E /* Leaky.cpp in Sources */ = {isa = PBXBuildFile; fileRef = 1F949F9719FEF91A00C0DF7E /* Leaky.cpp */; };
		1F949F9A19FEF91A00C0DF7E /* Leaky.cpp in Sources */ = {isa = PBXBuildFile; fileRef = 1F949F9719FEF91A00C0DF7E /* Leaky.cpp */; };
		1F949F9B19FEF91A00C0DF7E /* Leaky.h in Headers */ = {isa = PBXBuildFile; fileRef = 1F949F9819FEF91A00C0DF7E /* Leaky.h */; };
		1F949F9C19FEF91A00C0DF7E /* Leaky.h in Headers */ = {isa = PBXBuildFile; fileRef = 1F949F9819FEF91A00C0DF7E /* Leaky.h */; };
		1F949F9F19FEFA7100C0DF7E /* Filter.cpp in Sources */ = {isa = PBXBuildFile; fileRef = 1F949F9D19FEFA7100C0DF7E /* Filter.cpp */; };
		1F949FA019FEFA7100C0DF7E /* Filter.cpp in Sources */ = {isa = PBXBuildFile; fileRef = 1F949F9D19FEFA7100C0DF7E /* Filter.cpp */; };
		1F949FA119FEFA7100C0DF7E /* Filter.h in Headers */ = {isa = PBXBuildFile; fileRef = 1F949F9E19FEFA7100C0DF7E /* Filter.h */; };
		1F949FA219FEFA7100C0DF7E /* Filter.h in Headers */ = {isa = PBXBuildFile; fileRef = 1F949F9E19FEFA7100C0DF7E /* Filter.h */; };
		1F9A2E0E19F0F85A009A71CF /* Window.h in Headers */ = {isa = PBXBuildFile; fileRef = 1F9A2E0D19F0F85A009A71CF /* Window.h */; };
		1F9A2E0F19F0F85A009A71CF /* Window.h in Headers */ = {isa = PBXBuildFile; fileRef = 1F9A2E0D19F0F85A009A71CF /* Window.h */; };
		1FA5CEA619EE323400B29E71 /* White.h in Headers */ = {isa = PBXBuildFile; fileRef = 1FA5CEA519EE323400B29E71 /* White.h */; };
		1FA5CEA719EE323400B29E71 /* White.h in Headers */ = {isa = PBXBuildFile; fileRef = 1FA5CEA519EE323400B29E71 /* White.h */; };
		1FAB5FA71A128E3400F99417 /* Bounds.h in Headers */ = {isa = PBXBuildFile; fileRef = 1FAB5FA61A128E3400F99417 /* Bounds.h */; };
		1FAB5FA81A128E3400F99417 /* Bounds.h in Headers */ = {isa = PBXBuildFile; fileRef = 1FAB5FA61A128E3400F99417 /* Bounds.h */; };
		1FAB5FAA1A12E23E00F99417 /* DPW.h in Headers */ = {isa = PBXBuildFile; fileRef = 1FAB5FA91A12E23E00F99417 /* DPW.h */; };
		1FAB5FAB1A12E23E00F99417 /* DPW.h in Headers */ = {isa = PBXBuildFile; fileRef = 1FAB5FA91A12E23E00F99417 /* DPW.h */; };
		1FAB7D4819CB5F0800515633 /* libportaudio.dylib in Frameworks */ = {isa = PBXBuildFile; fileRef = 1FAB7D4719CB5F0800515633 /* libportaudio.dylib */; };
		1FAB7D4B19CB651700515633 /* Driver.cpp in Sources */ = {isa = PBXBuildFile; fileRef = 1FAB7D4919CB651700515633 /* Driver.cpp */; };
		1FAC222719D09C42000D9052 /* libDSG.dylib in CopyFiles */ = {isa = PBXBuildFile; fileRef = 1F43E41E19C8D5ED0012C668 /* libDSG.dylib */; settings = {ATTRIBUTES = (CodeSignOnCopy, ); }; };
		1FAC222819D09C42000D9052 /* libDSG.a in CopyFiles */ = {isa = PBXBuildFile; fileRef = 1F43E44A19C8D6E90012C668 /* libDSG.a */; settings = {ATTRIBUTES = (CodeSignOnCopy, ); }; };
		1FB525A519F5D8FF00252FDB /* NoiseGenerator.cpp in Sources */ = {isa = PBXBuildFile; fileRef = 1FB525A319F5D8FF00252FDB /* NoiseGenerator.cpp */; };
		1FB525A619F5D8FF00252FDB /* NoiseGenerator.cpp in Sources */ = {isa = PBXBuildFile; fileRef = 1FB525A319F5D8FF00252FDB /* NoiseGenerator.cpp */; };
		1FB525A719F5D8FF00252FDB /* NoiseGenerator.h in Headers */ = {isa = PBXBuildFile; fileRef = 1FB525A419F5D8FF00252FDB /* NoiseGenerator.h */; };
		1FB525A819F5D8FF00252FDB /* NoiseGenerator.h in Headers */ = {isa = PBXBuildFile; fileRef = 1FB525A419F5D8FF00252FDB /* NoiseGenerator.h */; };
		1FB9FCBE19CA88C700E42C69 /* AnalogSaw.cpp in Sources */ = {isa = PBXBuildFile; fileRef = 1FB9FCB819CA88C700E42C69 /* AnalogSaw.cpp */; };
		1FB9FCBF19CA88C700E42C69 /* AnalogSaw.h in Headers */ = {isa = PBXBuildFile; fileRef = 1FB9FCB919CA88C700E42C69 /* AnalogSaw.h */; settings = {ATTRIBUTES = (Public, ); }; };
		1FB9FCC019CA88C700E42C69 /* AnalogSquare.cpp in Sources */ = {isa = PBXBuildFile; fileRef = 1FB9FCBA19CA88C700E42C69 /* AnalogSquare.cpp */; };
		1FB9FCC119CA88C700E42C69 /* AnalogSquare.h in Headers */ = {isa = PBXBuildFile; fileRef = 1FB9FCBB19CA88C700E42C69 /* AnalogSquare.h */; settings = {ATTRIBUTES = (Public, ); }; };
		1FB9FCC219CA88C700E42C69 /* AnalogTriangle.cpp in Sources */ = {isa = PBXBuildFile; fileRef = 1FB9FCBC19CA88C700E42C69 /* AnalogTriangle.cpp */; };
		1FB9FCC319CA88C700E42C69 /* AnalogTriangle.h in Headers */ = {isa = PBXBuildFile; fileRef = 1FB9FCBD19CA88C700E42C69 /* AnalogTriangle.h */; settings = {ATTRIBUTES = (Public, ); }; };
		1FB9FCCA19CA88D500E42C69 /* FourierSaw.cpp in Sources */ = {isa = PBXBuildFile; fileRef = 1FB9FCC419CA88D500E42C69 /* FourierSaw.cpp */; };
		1FB9FCCB19CA88D500E42C69 /* FourierSaw.cpp in Sources */ = {isa = PBXBuildFile; fileRef = 1FB9FCC419CA88D500E42C69 /* FourierSaw.cpp */; };
		1FB9FCCC19CA88D500E42C69 /* FourierSaw.h in Headers */ = {isa = PBXBuildFile; fileRef = 1FB9FCC519CA88D500E42C69 /* FourierSaw.h */; settings = {ATTRIBUTES = (Public, ); }; };
		1FB9FCCD19CA88D500E42C69 /* FourierSaw.h in Headers */ = {isa = PBXBuildFile; fileRef = 1FB9FCC519CA88D500E42C69 /* FourierSaw.h */; settings = {ATTRIBUTES = (Public, ); }; };
		1FB9FCCE19CA88D500E42C69 /* FourierSquare.cpp in Sources */ = {isa = PBXBuildFile; fileRef = 1FB9FCC619CA88D500E42C69 /* FourierSquare.cpp */; };
		1FB9FCCF19CA88D500E42C69 /* FourierSquare.cpp in Sources */ = {isa = PBXBuildFile; fileRef = 1FB9FCC619CA88D500E42C69 /* FourierSquare.cpp */; };
		1FB9FCD019CA88D500E42C69 /* FourierSquare.h in Headers */ = {isa = PBXBuildFile; fileRef = 1FB9FCC719CA88D500E42C69 /* FourierSquare.h */; settings = {ATTRIBUTES = (Public, ); }; };
		1FB9FCD119CA88D500E42C69 /* FourierSquare.h in Headers */ = {isa = PBXBuildFile; fileRef = 1FB9FCC719CA88D500E42C69 /* FourierSquare.h */; settings = {ATTRIBUTES = (Public, ); }; };
		1FB9FCD219CA88D500E42C69 /* FourierTriangle.cpp in Sources */ = {isa = PBXBuildFile; fileRef = 1FB9FCC819CA88D500E42C69 /* FourierTriangle.cpp */; };
		1FB9FCD319CA88D500E42C69 /* FourierTriangle.cpp in Sources */ = {isa = PBXBuildFile; fileRef = 1FB9FCC819CA88D500E42C69 /* FourierTriangle.cpp */; };
		1FB9FCD419CA88D500E42C69 /* FourierTriangle.h in Headers */ = {isa = PBXBuildFile; fileRef = 1FB9FCC919CA88D500E42C69 /* FourierTriangle.h */; settings = {ATTRIBUTES = (Public, ); }; };
		1FB9FCD519CA88D500E42C69 /* FourierTriangle.h in Headers */ = {isa = PBXBuildFile; fileRef = 1FB9FCC919CA88D500E42C69 /* FourierTriangle.h */; settings = {ATTRIBUTES = (Public, ); }; };
		1FB9FCD619CA88D900E42C69 /* AnalogSaw.cpp in Sources */ = {isa = PBXBuildFile; fileRef = 1FB9FCB819CA88C700E42C69 /* AnalogSaw.cpp */; };
		1FB9FCD719CA88D900E42C69 /* AnalogSaw.h in Headers */ = {isa = PBXBuildFile; fileRef = 1FB9FCB919CA88C700E42C69 /* AnalogSaw.h */; settings = {ATTRIBUTES = (Public, ); }; };
		1FB9FCD819CA88D900E42C69 /* AnalogSquare.cpp in Sources */ = {isa = PBXBuildFile; fileRef = 1FB9FCBA19CA88C700E42C69 /* AnalogSquare.cpp */; };
		1FB9FCD919CA88D900E42C69 /* AnalogSquare.h in Headers */ = {isa = PBXBuildFile; fileRef = 1FB9FCBB19CA88C700E42C69 /* AnalogSquare.h */; settings = {ATTRIBUTES = (Public, ); }; };
		1FB9FCDA19CA88D900E42C69 /* AnalogTriangle.cpp in Sources */ = {isa = PBXBuildFile; fileRef = 1FB9FCBC19CA88C700E42C69 /* AnalogTriangle.cpp */; };
		1FB9FCDB19CA88D900E42C69 /* AnalogTriangle.h in Headers */ = {isa = PBXBuildFile; fileRef = 1FB9FCBD19CA88C700E42C69 /* AnalogTriangle.h */; settings = {ATTRIBUTES = (Public, ); }; };
		1FB9FCE419CA88E900E42C69 /* BLIT.cpp in Sources */ = {isa = PBXBuildFile; fileRef = 1FB9FCDC19CA88E900E42C69 /* BLIT.cpp */; };
		1FB9FCE519CA88E900E42C69 /* BLIT.cpp in Sources */ = {isa = PBXBuildFile; fileRef = 1FB9FCDC19CA88E900E42C69 /* BLIT.cpp */; };
		1FB9FCE619CA88E900E42C69 /* BLIT.h in Headers */ = {isa = PBXBuildFile; fileRef = 1FB9FCDD19CA88E900E42C69 /* BLIT.h */; settings = {ATTRIBUTES = (Public, ); }; };
		1FB9FCE719CA88E900E42C69 /* BLIT.h in Headers */ = {isa = PBXBuildFile; fileRef = 1FB9FCDD19CA88E900E42C69 /* BLIT.h */; settings = {ATTRIBUTES = (Public, ); }; };
		1FB9FCE819CA88E900E42C69 /* BLITSaw.cpp in Sources */ = {isa = PBXBuildFile; fileRef = 1FB9FCDE19CA88E900E42C69 /* BLITSaw.cpp */; };
		1FB9FCE919CA88E900E42C69 /* BLITSaw.cpp in Sources */ = {isa = PBXBuildFile; fileRef = 1FB9FCDE19CA88E900E42C69 /* BLITSaw.cpp */; };
		1FB9FCEA19CA88E900E42C69 /* BLITSaw.h in Headers */ = {isa = PBXBuildFile; fileRef = 1FB9FCDF19CA88E900E42C69 /* BLITSaw.h */; settings = {ATTRIBUTES = (Public, ); }; };
		1FB9FCEB19CA88E900E42C69 /* BLITSaw.h in Headers */ = {isa = PBXBuildFile; fileRef = 1FB9FCDF19CA88E900E42C69 /* BLITSaw.h */; settings = {ATTRIBUTES = (Public, ); }; };
		1FB9FCEC19CA88E900E42C69 /* BLITSquare.cpp in Sources */ = {isa = PBXBuildFile; fileRef = 1FB9FCE019CA88E900E42C69 /* BLITSquare.cpp */; };
		1FB9FCED19CA88E900E42C69 /* BLITSquare.cpp in Sources */ = {isa = PBXBuildFile; fileRef = 1FB9FCE019CA88E900E42C69 /* BLITSquare.cpp */; };
		1FB9FCEE19CA88E900E42C69 /* BLITSquare.h in Headers */ = {isa = PBXBuildFile; fileRef = 1FB9FCE119CA88E900E42C69 /* BLITSquare.h */; settings = {ATTRIBUTES = (Public, ); }; };
		1FB9FCEF19CA88E900E42C69 /* BLITSquare.h in Headers */ = {isa = PBXBuildFile; fileRef = 1FB9FCE119CA88E900E42C69 /* BLITSquare.h */; settings = {ATTRIBUTES = (Public, ); }; };
		1FB9FCF019CA88E900E42C69 /* BLITTriangle.cpp in Sources */ = {isa = PBXBuildFile; fileRef = 1FB9FCE219CA88E900E42C69 /* BLITTriangle.cpp */; };
		1FB9FCF119CA88E900E42C69 /* BLITTriangle.cpp in Sources */ = {isa = PBXBuildFile; fileRef = 1FB9FCE219CA88E900E42C69 /* BLITTriangle.cpp */; };
		1FB9FCF219CA88E900E42C69 /* BLITTriangle.h in Headers */ = {isa = PBXBuildFile; fileRef = 1FB9FCE319CA88E900E42C69 /* BLITTriangle.h */; settings = {ATTRIBUTES = (Public, ); }; };
		1FB9FCF319CA88E900E42C69 /* BLITTriangle.h in Headers */ = {isa = PBXBuildFile; fileRef = 1FB9FCE319CA88E900E42C69 /* BLITTriangle.h */; settings = {ATTRIBUTES = (Public, ); }; };
		1FB9FD0419CA88F800E42C69 /* AudioSettings.cpp in Sources */ = {isa = PBXBuildFile; fileRef = 1FB9FCF419CA88F800E42C69 /* AudioSettings.cpp */; };
		1FB9FD0519CA88F800E42C69 /* AudioSettings.cpp in Sources */ = {isa = PBXBuildFile; fileRef = 1FB9FCF419CA88F800E42C69 /* AudioSettings.cpp */; };
		1FB9FD0619CA88F800E42C69 /* AudioSettings.h in Headers */ = {isa = PBXBuildFile; fileRef = 1FB9FCF519CA88F800E42C69 /* AudioSettings.h */; settings = {ATTRIBUTES = (Public, ); }; };
		1FB9FD0719CA88F800E42C69 /* AudioSettings.h in Headers */ = {isa = PBXBuildFile; fileRef = 1FB9FCF519CA88F800E42C69 /* AudioSettings.h */; settings = {ATTRIBUTES = (Public, ); }; };
		1FB9FD0819CA88F800E42C69 /* Buffer.cpp in Sources */ = {isa = PBXBuildFile; fileRef = 1FB9FCF619CA88F800E42C69 /* Buffer.cpp */; };
		1FB9FD0919CA88F800E42C69 /* Buffer.cpp in Sources */ = {isa = PBXBuildFile; fileRef = 1FB9FCF619CA88F800E42C69 /* Buffer.cpp */; };
		1FB9FD0A19CA88F800E42C69 /* Buffer.h in Headers */ = {isa = PBXBuildFile; fileRef = 1FB9FCF719CA88F800E42C69 /* Buffer.h */; settings = {ATTRIBUTES = (Public, ); }; };
		1FB9FD0B19CA88F800E42C69 /* Buffer.h in Headers */ = {isa = PBXBuildFile; fileRef = 1FB9FCF719CA88F800E42C69 /* Buffer.h */; settings = {ATTRIBUTES = (Public, ); }; };
		1FB9FD0C19CA88F800E42C69 /* DSG.h in Headers */ = {isa = PBXBuildFile; fileRef = 1FB9FCF819CA88F800E42C69 /* DSG.h */; settings = {ATTRIBUTES = (Public, ); }; };
		1FB9FD0D19CA88F800E42C69 /* DSG.h in Headers */ = {isa = PBXBuildFile; fileRef = 1FB9FCF819CA88F800E42C69 /* DSG.h */; settings = {ATTRIBUTES = (Public, ); }; };
		1FB9FD0E19CA88F800E42C69 /* DSGTypes.h in Headers */ = {isa = PBXBuildFile; fileRef = 1FB9FCF919CA88F800E42C69 /* DSGTypes.h */; settings = {ATTRIBUTES = (Public, ); }; };
		1FB9FD0F19CA88F800E42C69 /* DSGTypes.h in Headers */ = {isa = PBXBuildFile; fileRef = 1FB9FCF919CA88F800E42C69 /* DSGTypes.h */; settings = {ATTRIBUTES = (Public, ); }; };
		1FB9FD1019CA88F800E42C69 /* LUT.h in Headers */ = {isa = PBXBuildFile; fileRef = 1FB9FCFA19CA88F800E42C69 /* LUT.h */; settings = {ATTRIBUTES = (Public, ); }; };
		1FB9FD1119CA88F800E42C69 /* LUT.h in Headers */ = {isa = PBXBuildFile; fileRef = 1FB9FCFA19CA88F800E42C69 /* LUT.h */; settings = {ATTRIBUTES = (Public, ); }; };
		1FB9FD1219CA88F800E42C69 /* PI.h in Headers */ = {isa = PBXBuildFile; fileRef = 1FB9FCFB19CA88F800E42C69 /* PI.h */; settings = {ATTRIBUTES = (Public, ); }; };
		1FB9FD1319CA88F800E42C69 /* PI.h in Headers */ = {isa = PBXBuildFile; fileRef = 1FB9FCFB19CA88F800E42C69 /* PI.h */; settings = {ATTRIBUTES = (Public, ); }; };
		1FB9FD1419CA88F800E42C69 /* RingBuffer.cpp in Sources */ = {isa = PBXBuildFile; fileRef = 1FB9FCFC19CA88F800E42C69 /* RingBuffer.cpp */; };
		1FB9FD1519CA88F800E42C69 /* RingBuffer.cpp in Sources */ = {isa = PBXBuildFile; fileRef = 1FB9FCFC19CA88F800E42C69 /* RingBuffer.cpp */; };
		1FB9FD1619CA88F800E42C69 /* RingBuffer.h in Headers */ = {isa = PBXBuildFile; fileRef = 1FB9FCFD19CA88F800E42C69 /* RingBuffer.h */; settings = {ATTRIBUTES = (Public, ); }; };
		1FB9FD1719CA88F800E42C69 /* RingBuffer.h in Headers */ = {isa = PBXBuildFile; fileRef = 1FB9FCFD19CA88F800E42C69 /* RingBuffer.h */; settings = {ATTRIBUTES = (Public, ); }; };
		1FB9FD1819CA88F800E42C69 /* SignalGenerator.cpp in Sources */ = {isa = PBXBuildFile; fileRef = 1FB9FCFE19CA88F800E42C69 /* SignalGenerator.cpp */; };
		1FB9FD1919CA88F800E42C69 /* SignalGenerator.cpp in Sources */ = {isa = PBXBuildFile; fileRef = 1FB9FCFE19CA88F800E42C69 /* SignalGenerator.cpp */; };
		1FB9FD1A19CA88F800E42C69 /* SignalGenerator.h in Headers */ = {isa = PBXBuildFile; fileRef = 1FB9FCFF19CA88F800E42C69 /* SignalGenerator.h */; settings = {ATTRIBUTES = (Public, ); }; };
		1FB9FD1B19CA88F800E42C69 /* SignalGenerator.h in Headers */ = {isa = PBXBuildFile; fileRef = 1FB9FCFF19CA88F800E42C69 /* SignalGenerator.h */; settings = {ATTRIBUTES = (Public, ); }; };
		1FB9FD1C19CA88F800E42C69 /* SignalProcess.cpp in Sources */ = {isa = PBXBuildFile; fileRef = 1FB9FD0019CA88F800E42C69 /* SignalProcess.cpp */; };
		1FB9FD1D19CA88F800E42C69 /* SignalProcess.cpp in Sources */ = {isa = PBXBuildFile; fileRef = 1FB9FD0019CA88F800E42C69 /* SignalProcess.cpp */; };
		1FB9FD1E19CA88F800E42C69 /* SignalProcess.h in Headers */ = {isa = PBXBuildFile; fileRef = 1FB9FD0119CA88F800E42C69 /* SignalProcess.h */; settings = {ATTRIBUTES = (Public, ); }; };
		1FB9FD1F19CA88F800E42C69 /* SignalProcess.h in Headers */ = {isa = PBXBuildFile; fileRef = 1FB9FD0119CA88F800E42C69 /* SignalProcess.h */; settings = {ATTRIBUTES = (Public, ); }; };
		1FB9FD2019CA88F800E42C69 /* Sine.h in Headers */ = {isa = PBXBuildFile; fileRef = 1FB9FD0219CA88F800E42C69 /* Sine.h */; settings = {ATTRIBUTES = (Public, ); }; };
		1FB9FD2119CA88F800E42C69 /* Sine.h in Headers */ = {isa = PBXBuildFile; fileRef = 1FB9FD0219CA88F800E42C69 /* Sine.h */; settings = {ATTRIBUTES = (Public, ); }; };
		1FC3424919DA0F3E004C028E /* EPTRSaw.cpp in Sources */ = {isa = PBXBuildFile; fileRef = 1FC3424719DA0F3E004C028E /* EPTRSaw.cpp */; };
		1FC3424A19DA0F3E004C028E /* EPTRSaw.cpp in Sources */ = {isa = PBXBuildFile; fileRef = 1FC3424719DA0F3E004C028E /* EPTRSaw.cpp */; };
		1FC3424B19DA0F3E004C028E /* EPTRSaw.h in Headers */ = {isa = PBXBuildFile; fileRef = 1FC3424819DA0F3E004C028E /* EPTRSaw.h */; };
		1FC3424C19DA0F3E004C028E /* EPTRSaw.h in Headers */ = {isa = PBXBuildFile; fileRef = 1FC3424819DA0F3E004C028E /* EPTRSaw.h */; };
		1FC95FCC1A252AAC003088F2 /* MTOF.cpp in Sources */ = {isa = PBXBuildFile; fileRef = 1FC95FCA1A252AAC003088F2 /* MTOF.cpp */; };
		1FC95FCD1A252AAC003088F2 /* MTOF.cpp in Sources */ = {isa = PBXBuildFile; fileRef = 1FC95FCA1A252AAC003088F2 /* MTOF.cpp */; };
		1FC95FCE1A252AAC003088F2 /* MTOF.h in Headers */ = {isa = PBXBuildFile; fileRef = 1FC95FCB1A252AAC003088F2 /* MTOF.h */; };
		1FC95FCF1A252AAC003088F2 /* MTOF.h in Headers */ = {isa = PBXBuildFile; fileRef = 1FC95FCB1A252AAC003088F2 /* MTOF.h */; };
		1FE87D7219D7BD3C00E8377B /* DPWSaw.h in Headers */ = {isa = PBXBuildFile; fileRef = 1FE87D6F19D7BD3C00E8377B /* DPWSaw.h */; };
		1FE87D7319D7BD3C00E8377B /* DPWSaw.h in Headers */ = {isa = PBXBuildFile; fileRef = 1FE87D6F19D7BD3C00E8377B /* DPWSaw.h */; };
		1FF3EEB119E399E5005047B6 /* Gaussian.h in Headers */ = {isa = PBXBuildFile; fileRef = 1FF3EEB019E399E5005047B6 /* Gaussian.h */; };
		1FF3EEB219E399E5005047B6 /* Gaussian.h in Headers */ = {isa = PBXBuildFile; fileRef = 1FF3EEB019E399E5005047B6 /* Gaussian.h */; };
		1FF6ADA319D25548007887C3 /* Sinc.h in Headers */ = {isa = PBXBuildFile; fileRef = 1FF6ADA019D25548007887C3 /* Sinc.h */; };
		1FF6ADA419D25548007887C3 /* Sinc.h in Headers */ = {isa = PBXBuildFile; fileRef = 1FF6ADA019D25548007887C3 /* Sinc.h */; };
		1FFD9A5019D387800060D4DE /* Blackman.h in Headers */ = {isa = PBXBuildFile; fileRef = 1FFD9A4F19D387800060D4DE /* Blackman.h */; };
		1FFD9A5119D387800060D4DE /* Blackman.h in Headers */ = {isa = PBXBuildFile; fileRef = 1FFD9A4F19D387800060D4DE /* Blackman.h */; };
/* End PBXBuildFile section */

/* Begin PBXContainerItemProxy section */
		1F43E45E19C8D7260012C668 /* PBXContainerItemProxy */ = {
			isa = PBXContainerItemProxy;
			containerPortal = 1F43E41619C8D5EC0012C668 /* Project object */;
			proxyType = 1;
			remoteGlobalIDString = 1F43E41D19C8D5ED0012C668;
			remoteInfo = DSG;
		};
		1F43E46019C8D7260012C668 /* PBXContainerItemProxy */ = {
			isa = PBXContainerItemProxy;
			containerPortal = 1F43E41619C8D5EC0012C668 /* Project object */;
			proxyType = 1;
			remoteGlobalIDString = 1F43E44919C8D6E90012C668;
			remoteInfo = DSG_static;
		};
		1FDECB6719DB863F00B482C3 /* PBXContainerItemProxy */ = {
			isa = PBXContainerItemProxy;
			containerPortal = 1F43E41619C8D5EC0012C668 /* Project object */;
			proxyType = 1;
			remoteGlobalIDString = 1F43E44919C8D6E90012C668;
			remoteInfo = DSG_static;
		};
		1FDECB6919DB864200B482C3 /* PBXContainerItemProxy */ = {
			isa = PBXContainerItemProxy;
			containerPortal = 1F43E41619C8D5EC0012C668 /* Project object */;
			proxyType = 1;
			remoteGlobalIDString = 1F43E41D19C8D5ED0012C668;
			remoteInfo = DSG;
		};
/* End PBXContainerItemProxy section */

/* Begin PBXCopyFilesBuildPhase section */
		1F43E46419C900110012C668 /* CopyFiles */ = {
			isa = PBXCopyFilesBuildPhase;
			buildActionMask = 2147483647;
			dstPath = /usr/share/man/man1/;
			dstSubfolderSpec = 0;
			files = (
				1F43E46B19C900110012C668 /* DSG_TEST.1 in CopyFiles */,
			);
			runOnlyForDeploymentPostprocessing = 1;
		};
		1FAC222619D09C2C000D9052 /* CopyFiles */ = {
			isa = PBXCopyFilesBuildPhase;
			buildActionMask = 2147483647;
			dstPath = /usr/local/lib;
			dstSubfolderSpec = 0;
			files = (
				1FAC222719D09C42000D9052 /* libDSG.dylib in CopyFiles */,
				1FAC222819D09C42000D9052 /* libDSG.a in CopyFiles */,
			);
			runOnlyForDeploymentPostprocessing = 0;
		};
/* End PBXCopyFilesBuildPhase section */

/* Begin PBXFileReference section */
		1F0466DF19F5CD450079D03F /* Noise.h */ = {isa = PBXFileReference; fileEncoding = 4; lastKnownFileType = sourcecode.c.h; name = Noise.h; path = src/Noise.h; sourceTree = "<group>"; };
		1F0A763219D264210094C6F5 /* Denormal.h */ = {isa = PBXFileReference; fileEncoding = 4; lastKnownFileType = sourcecode.c.h; name = Denormal.h; path = src/Denormal.h; sourceTree = "<group>"; };
		1F0A763819D267320094C6F5 /* DSGMath.h */ = {isa = PBXFileReference; fileEncoding = 4; lastKnownFileType = sourcecode.c.h; name = DSGMath.h; path = src/DSGMath.h; sourceTree = "<group>"; };
		1F1092D119E148F5002DF1A2 /* Sleep.h */ = {isa = PBXFileReference; fileEncoding = 4; lastKnownFileType = sourcecode.c.h; name = Sleep.h; path = src/Sleep.h; sourceTree = "<group>"; };
		1F12355519FF791000E63D40 /* Random.h */ = {isa = PBXFileReference; fileEncoding = 4; lastKnownFileType = sourcecode.c.h; name = Random.h; path = src/Random.h; sourceTree = "<group>"; };
		1F27F9CC19FA08F0008D2153 /* Delay.h */ = {isa = PBXFileReference; fileEncoding = 4; lastKnownFileType = sourcecode.c.h; name = Delay.h; path = src/Delay.h; sourceTree = "<group>"; };
		1F3F9F8E19F72632008D3B8B /* Interpolate.h */ = {isa = PBXFileReference; fileEncoding = 4; lastKnownFileType = sourcecode.c.h; name = Interpolate.h; path = src/Interpolate.h; sourceTree = "<group>"; };
		1F43E41E19C8D5ED0012C668 /* libDSG.dylib */ = {isa = PBXFileReference; explicitFileType = "compiled.mach-o.dylib"; includeInIndex = 0; path = libDSG.dylib; sourceTree = BUILT_PRODUCTS_DIR; };
		1F43E44A19C8D6E90012C668 /* libDSG.a */ = {isa = PBXFileReference; explicitFileType = archive.ar; includeInIndex = 0; path = libDSG.a; sourceTree = BUILT_PRODUCTS_DIR; };
		1F43E46619C900110012C668 /* DSG_TEST */ = {isa = PBXFileReference; explicitFileType = "compiled.mach-o.executable"; includeInIndex = 0; path = DSG_TEST; sourceTree = BUILT_PRODUCTS_DIR; };
		1F43E46819C900110012C668 /* main.cpp */ = {isa = PBXFileReference; lastKnownFileType = sourcecode.cpp.cpp; path = main.cpp; sourceTree = "<group>"; };
		1F43E46A19C900110012C668 /* DSG_TEST.1 */ = {isa = PBXFileReference; lastKnownFileType = text.man; path = DSG_TEST.1; sourceTree = "<group>"; };
		1F49BFD919E5EDB500EA40ED /* Pink.h */ = {isa = PBXFileReference; fileEncoding = 4; lastKnownFileType = sourcecode.c.h; name = Pink.h; path = src/Pink.h; sourceTree = "<group>"; };
		1F4CA45819F6DEBA008CFD8C /* GenericGenerator.cpp */ = {isa = PBXFileReference; fileEncoding = 4; lastKnownFileType = sourcecode.cpp.cpp; name = GenericGenerator.cpp; path = src/GenericGenerator.cpp; sourceTree = "<group>"; };
		1F4CA45919F6DEBA008CFD8C /* GenericGenerator.h */ = {isa = PBXFileReference; fileEncoding = 4; lastKnownFileType = sourcecode.c.h; name = GenericGenerator.h; path = src/GenericGenerator.h; sourceTree = "<group>"; };
		1F7123A019ED928B0066884B /* BufferConversion.h */ = {isa = PBXFileReference; fileEncoding = 4; lastKnownFileType = sourcecode.c.h; name = BufferConversion.h; path = src/BufferConversion.h; sourceTree = "<group>"; };
		1F7387251A1BCD96002D4A50 /* FourierSeries.cpp */ = {isa = PBXFileReference; fileEncoding = 4; lastKnownFileType = sourcecode.cpp.cpp; name = FourierSeries.cpp; path = src/FourierSeries.cpp; sourceTree = "<group>"; };
		1F7387261A1BCD96002D4A50 /* FourierSeries.h */ = {isa = PBXFileReference; fileEncoding = 4; lastKnownFileType = sourcecode.c.h; name = FourierSeries.h; path = src/FourierSeries.h; sourceTree = "<group>"; };
		1F7548D91A0ABB410078A1F6 /* DSF.h */ = {isa = PBXFileReference; fileEncoding = 4; lastKnownFileType = sourcecode.c.h; name = DSF.h; path = src/DSF.h; sourceTree = "<group>"; };
		1F89D72919EBA2EF00794DCD /* DCBlocker.cpp */ = {isa = PBXFileReference; fileEncoding = 4; lastKnownFileType = sourcecode.cpp.cpp; name = DCBlocker.cpp; path = src/DCBlocker.cpp; sourceTree = "<group>"; };
		1F89D72A19EBA2EF00794DCD /* DCBlocker.h */ = {isa = PBXFileReference; fileEncoding = 4; lastKnownFileType = sourcecode.c.h; name = DCBlocker.h; path = src/DCBlocker.h; sourceTree = "<group>"; };
		1F949F9719FEF91A00C0DF7E /* Leaky.cpp */ = {isa = PBXFileReference; fileEncoding = 4; lastKnownFileType = sourcecode.cpp.cpp; name = Leaky.cpp; path = src/Leaky.cpp; sourceTree = "<group>"; };
		1F949F9819FEF91A00C0DF7E /* Leaky.h */ = {isa = PBXFileReference; fileEncoding = 4; lastKnownFileType = sourcecode.c.h; name = Leaky.h; path = src/Leaky.h; sourceTree = "<group>"; };
		1F949F9D19FEFA7100C0DF7E /* Filter.cpp */ = {isa = PBXFileReference; fileEncoding = 4; lastKnownFileType = sourcecode.cpp.cpp; name = Filter.cpp; path = src/Filter.cpp; sourceTree = "<group>"; };
		1F949F9E19FEFA7100C0DF7E /* Filter.h */ = {isa = PBXFileReference; fileEncoding = 4; lastKnownFileType = sourcecode.c.h; name = Filter.h; path = src/Filter.h; sourceTree = "<group>"; };
		1F9A2E0D19F0F85A009A71CF /* Window.h */ = {isa = PBXFileReference; fileEncoding = 4; lastKnownFileType = sourcecode.c.h; name = Window.h; path = src/Window.h; sourceTree = "<group>"; };
		1FA5CEA519EE323400B29E71 /* White.h */ = {isa = PBXFileReference; fileEncoding = 4; lastKnownFileType = sourcecode.c.h; name = White.h; path = src/White.h; sourceTree = "<group>"; };
		1FAB5FA61A128E3400F99417 /* Bounds.h */ = {isa = PBXFileReference; fileEncoding = 4; lastKnownFileType = sourcecode.c.h; name = Bounds.h; path = src/Bounds.h; sourceTree = "<group>"; };
		1FAB5FA91A12E23E00F99417 /* DPW.h */ = {isa = PBXFileReference; fileEncoding = 4; lastKnownFileType = sourcecode.c.h; name = DPW.h; path = src/DPW.h; sourceTree = "<group>"; };
		1FAB7D4719CB5F0800515633 /* libportaudio.dylib */ = {isa = PBXFileReference; lastKnownFileType = "compiled.mach-o.dylib"; name = libportaudio.dylib; path = ../../../../usr/local/lib/libportaudio.dylib; sourceTree = "<group>"; };
		1FAB7D4919CB651700515633 /* Driver.cpp */ = {isa = PBXFileReference; fileEncoding = 4; lastKnownFileType = sourcecode.cpp.cpp; name = Driver.cpp; path = src/Driver.cpp; sourceTree = SOURCE_ROOT; };
		1FAB7D4A19CB651700515633 /* Driver.h */ = {isa = PBXFileReference; fileEncoding = 4; lastKnownFileType = sourcecode.c.h; name = Driver.h; path = src/Driver.h; sourceTree = SOURCE_ROOT; };
		1FB525A319F5D8FF00252FDB /* NoiseGenerator.cpp */ = {isa = PBXFileReference; fileEncoding = 4; lastKnownFileType = sourcecode.cpp.cpp; name = NoiseGenerator.cpp; path = src/NoiseGenerator.cpp; sourceTree = "<group>"; };
		1FB525A419F5D8FF00252FDB /* NoiseGenerator.h */ = {isa = PBXFileReference; fileEncoding = 4; lastKnownFileType = sourcecode.c.h; name = NoiseGenerator.h; path = src/NoiseGenerator.h; sourceTree = "<group>"; };
		1FB9FCB819CA88C700E42C69 /* AnalogSaw.cpp */ = {isa = PBXFileReference; fileEncoding = 4; lastKnownFileType = sourcecode.cpp.cpp; name = AnalogSaw.cpp; path = src/AnalogSaw.cpp; sourceTree = "<group>"; };
		1FB9FCB919CA88C700E42C69 /* AnalogSaw.h */ = {isa = PBXFileReference; fileEncoding = 4; lastKnownFileType = sourcecode.c.h; name = AnalogSaw.h; path = src/AnalogSaw.h; sourceTree = "<group>"; };
		1FB9FCBA19CA88C700E42C69 /* AnalogSquare.cpp */ = {isa = PBXFileReference; fileEncoding = 4; lastKnownFileType = sourcecode.cpp.cpp; name = AnalogSquare.cpp; path = src/AnalogSquare.cpp; sourceTree = "<group>"; };
		1FB9FCBB19CA88C700E42C69 /* AnalogSquare.h */ = {isa = PBXFileReference; fileEncoding = 4; lastKnownFileType = sourcecode.c.h; name = AnalogSquare.h; path = src/AnalogSquare.h; sourceTree = "<group>"; };
		1FB9FCBC19CA88C700E42C69 /* AnalogTriangle.cpp */ = {isa = PBXFileReference; fileEncoding = 4; lastKnownFileType = sourcecode.cpp.cpp; name = AnalogTriangle.cpp; path = src/AnalogTriangle.cpp; sourceTree = "<group>"; };
		1FB9FCBD19CA88C700E42C69 /* AnalogTriangle.h */ = {isa = PBXFileReference; fileEncoding = 4; lastKnownFileType = sourcecode.c.h; name = AnalogTriangle.h; path = src/AnalogTriangle.h; sourceTree = "<group>"; };
		1FB9FCC419CA88D500E42C69 /* FourierSaw.cpp */ = {isa = PBXFileReference; fileEncoding = 4; lastKnownFileType = sourcecode.cpp.cpp; name = FourierSaw.cpp; path = src/FourierSaw.cpp; sourceTree = "<group>"; };
		1FB9FCC519CA88D500E42C69 /* FourierSaw.h */ = {isa = PBXFileReference; fileEncoding = 4; lastKnownFileType = sourcecode.c.h; name = FourierSaw.h; path = src/FourierSaw.h; sourceTree = "<group>"; };
		1FB9FCC619CA88D500E42C69 /* FourierSquare.cpp */ = {isa = PBXFileReference; fileEncoding = 4; lastKnownFileType = sourcecode.cpp.cpp; name = FourierSquare.cpp; path = src/FourierSquare.cpp; sourceTree = "<group>"; };
		1FB9FCC719CA88D500E42C69 /* FourierSquare.h */ = {isa = PBXFileReference; fileEncoding = 4; lastKnownFileType = sourcecode.c.h; name = FourierSquare.h; path = src/FourierSquare.h; sourceTree = "<group>"; };
		1FB9FCC819CA88D500E42C69 /* FourierTriangle.cpp */ = {isa = PBXFileReference; fileEncoding = 4; lastKnownFileType = sourcecode.cpp.cpp; name = FourierTriangle.cpp; path = src/FourierTriangle.cpp; sourceTree = "<group>"; };
		1FB9FCC919CA88D500E42C69 /* FourierTriangle.h */ = {isa = PBXFileReference; fileEncoding = 4; lastKnownFileType = sourcecode.c.h; name = FourierTriangle.h; path = src/FourierTriangle.h; sourceTree = "<group>"; };
		1FB9FCDC19CA88E900E42C69 /* BLIT.cpp */ = {isa = PBXFileReference; fileEncoding = 4; lastKnownFileType = sourcecode.cpp.cpp; name = BLIT.cpp; path = src/BLIT.cpp; sourceTree = "<group>"; };
		1FB9FCDD19CA88E900E42C69 /* BLIT.h */ = {isa = PBXFileReference; fileEncoding = 4; lastKnownFileType = sourcecode.c.h; name = BLIT.h; path = src/BLIT.h; sourceTree = "<group>"; };
		1FB9FCDE19CA88E900E42C69 /* BLITSaw.cpp */ = {isa = PBXFileReference; fileEncoding = 4; lastKnownFileType = sourcecode.cpp.cpp; name = BLITSaw.cpp; path = src/BLITSaw.cpp; sourceTree = "<group>"; };
		1FB9FCDF19CA88E900E42C69 /* BLITSaw.h */ = {isa = PBXFileReference; fileEncoding = 4; lastKnownFileType = sourcecode.c.h; name = BLITSaw.h; path = src/BLITSaw.h; sourceTree = "<group>"; };
		1FB9FCE019CA88E900E42C69 /* BLITSquare.cpp */ = {isa = PBXFileReference; fileEncoding = 4; lastKnownFileType = sourcecode.cpp.cpp; name = BLITSquare.cpp; path = src/BLITSquare.cpp; sourceTree = "<group>"; };
		1FB9FCE119CA88E900E42C69 /* BLITSquare.h */ = {isa = PBXFileReference; fileEncoding = 4; lastKnownFileType = sourcecode.c.h; name = BLITSquare.h; path = src/BLITSquare.h; sourceTree = "<group>"; };
		1FB9FCE219CA88E900E42C69 /* BLITTriangle.cpp */ = {isa = PBXFileReference; fileEncoding = 4; lastKnownFileType = sourcecode.cpp.cpp; name = BLITTriangle.cpp; path = src/BLITTriangle.cpp; sourceTree = "<group>"; };
		1FB9FCE319CA88E900E42C69 /* BLITTriangle.h */ = {isa = PBXFileReference; fileEncoding = 4; lastKnownFileType = sourcecode.c.h; name = BLITTriangle.h; path = src/BLITTriangle.h; sourceTree = "<group>"; };
		1FB9FCF419CA88F800E42C69 /* AudioSettings.cpp */ = {isa = PBXFileReference; fileEncoding = 4; lastKnownFileType = sourcecode.cpp.cpp; name = AudioSettings.cpp; path = src/AudioSettings.cpp; sourceTree = "<group>"; };
		1FB9FCF519CA88F800E42C69 /* AudioSettings.h */ = {isa = PBXFileReference; fileEncoding = 4; lastKnownFileType = sourcecode.c.h; name = AudioSettings.h; path = src/AudioSettings.h; sourceTree = "<group>"; };
		1FB9FCF619CA88F800E42C69 /* Buffer.cpp */ = {isa = PBXFileReference; fileEncoding = 4; lastKnownFileType = sourcecode.cpp.cpp; name = Buffer.cpp; path = src/Buffer.cpp; sourceTree = "<group>"; };
		1FB9FCF719CA88F800E42C69 /* Buffer.h */ = {isa = PBXFileReference; fileEncoding = 4; lastKnownFileType = sourcecode.c.h; name = Buffer.h; path = src/Buffer.h; sourceTree = "<group>"; };
		1FB9FCF819CA88F800E42C69 /* DSG.h */ = {isa = PBXFileReference; fileEncoding = 4; lastKnownFileType = sourcecode.c.h; name = DSG.h; path = src/DSG.h; sourceTree = "<group>"; xcLanguageSpecificationIdentifier = xcode.lang.cpp; };
		1FB9FCF919CA88F800E42C69 /* DSGTypes.h */ = {isa = PBXFileReference; fileEncoding = 4; lastKnownFileType = sourcecode.c.h; name = DSGTypes.h; path = src/DSGTypes.h; sourceTree = "<group>"; };
		1FB9FCFA19CA88F800E42C69 /* LUT.h */ = {isa = PBXFileReference; fileEncoding = 4; lastKnownFileType = sourcecode.c.h; name = LUT.h; path = src/LUT.h; sourceTree = "<group>"; };
		1FB9FCFB19CA88F800E42C69 /* PI.h */ = {isa = PBXFileReference; fileEncoding = 4; lastKnownFileType = sourcecode.c.h; name = PI.h; path = src/PI.h; sourceTree = "<group>"; };
		1FB9FCFC19CA88F800E42C69 /* RingBuffer.cpp */ = {isa = PBXFileReference; fileEncoding = 4; lastKnownFileType = sourcecode.cpp.cpp; name = RingBuffer.cpp; path = src/RingBuffer.cpp; sourceTree = "<group>"; };
		1FB9FCFD19CA88F800E42C69 /* RingBuffer.h */ = {isa = PBXFileReference; fileEncoding = 4; lastKnownFileType = sourcecode.c.h; name = RingBuffer.h; path = src/RingBuffer.h; sourceTree = "<group>"; };
		1FB9FCFE19CA88F800E42C69 /* SignalGenerator.cpp */ = {isa = PBXFileReference; fileEncoding = 4; lastKnownFileType = sourcecode.cpp.cpp; name = SignalGenerator.cpp; path = src/SignalGenerator.cpp; sourceTree = "<group>"; };
		1FB9FCFF19CA88F800E42C69 /* SignalGenerator.h */ = {isa = PBXFileReference; fileEncoding = 4; lastKnownFileType = sourcecode.c.h; name = SignalGenerator.h; path = src/SignalGenerator.h; sourceTree = "<group>"; };
		1FB9FD0019CA88F800E42C69 /* SignalProcess.cpp */ = {isa = PBXFileReference; fileEncoding = 4; lastKnownFileType = sourcecode.cpp.cpp; name = SignalProcess.cpp; path = src/SignalProcess.cpp; sourceTree = "<group>"; };
		1FB9FD0119CA88F800E42C69 /* SignalProcess.h */ = {isa = PBXFileReference; fileEncoding = 4; lastKnownFileType = sourcecode.c.h; name = SignalProcess.h; path = src/SignalProcess.h; sourceTree = "<group>"; };
		1FB9FD0219CA88F800E42C69 /* Sine.h */ = {isa = PBXFileReference; fileEncoding = 4; lastKnownFileType = sourcecode.c.h; name = Sine.h; path = src/Sine.h; sourceTree = "<group>"; };
		1FC3424719DA0F3E004C028E /* EPTRSaw.cpp */ = {isa = PBXFileReference; fileEncoding = 4; lastKnownFileType = sourcecode.cpp.cpp; name = EPTRSaw.cpp; path = src/EPTRSaw.cpp; sourceTree = "<group>"; };
		1FC3424819DA0F3E004C028E /* EPTRSaw.h */ = {isa = PBXFileReference; fileEncoding = 4; lastKnownFileType = sourcecode.c.h; name = EPTRSaw.h; path = src/EPTRSaw.h; sourceTree = "<group>"; };
		1FC95FCA1A252AAC003088F2 /* MTOF.cpp */ = {isa = PBXFileReference; fileEncoding = 4; lastKnownFileType = sourcecode.cpp.cpp; name = MTOF.cpp; path = src/MTOF.cpp; sourceTree = "<group>"; };
		1FC95FCB1A252AAC003088F2 /* MTOF.h */ = {isa = PBXFileReference; fileEncoding = 4; lastKnownFileType = sourcecode.c.h; name = MTOF.h; path = src/MTOF.h; sourceTree = "<group>"; };
		1FE87D6F19D7BD3C00E8377B /* DPWSaw.h */ = {isa = PBXFileReference; fileEncoding = 4; lastKnownFileType = sourcecode.c.h; name = DPWSaw.h; path = src/DPWSaw.h; sourceTree = "<group>"; };
		1FF3EEB019E399E5005047B6 /* Gaussian.h */ = {isa = PBXFileReference; fileEncoding = 4; lastKnownFileType = sourcecode.c.h; name = Gaussian.h; path = src/Gaussian.h; sourceTree = "<group>"; };
		1FF6ADA019D25548007887C3 /* Sinc.h */ = {isa = PBXFileReference; fileEncoding = 4; lastKnownFileType = sourcecode.c.h; name = Sinc.h; path = src/Sinc.h; sourceTree = "<group>"; };
		1FFD9A4F19D387800060D4DE /* Blackman.h */ = {isa = PBXFileReference; fileEncoding = 4; lastKnownFileType = sourcecode.c.h; name = Blackman.h; path = src/Blackman.h; sourceTree = "<group>"; };
/* End PBXFileReference section */

/* Begin PBXFrameworksBuildPhase section */
		1F43E41B19C8D5ED0012C668 /* Frameworks */ = {
			isa = PBXFrameworksBuildPhase;
			buildActionMask = 2147483647;
			files = (
			);
			runOnlyForDeploymentPostprocessing = 0;
		};
		1F43E44719C8D6E90012C668 /* Frameworks */ = {
			isa = PBXFrameworksBuildPhase;
			buildActionMask = 2147483647;
			files = (
			);
			runOnlyForDeploymentPostprocessing = 0;
		};
		1F43E46319C900110012C668 /* Frameworks */ = {
			isa = PBXFrameworksBuildPhase;
			buildActionMask = 2147483647;
			files = (
				1F43E47619C901230012C668 /* libDSG.dylib in Frameworks */,
				1FAB7D4819CB5F0800515633 /* libportaudio.dylib in Frameworks */,
			);
			runOnlyForDeploymentPostprocessing = 0;
		};
/* End PBXFrameworksBuildPhase section */

/* Begin PBXGroup section */
		1F27F9CA19FA08D4008D2153 /* delay */ = {
			isa = PBXGroup;
			children = (
				1F27F9CC19FA08F0008D2153 /* Delay.h */,
			);
			name = delay;
			sourceTree = "<group>";
		};
		1F43E41519C8D5EC0012C668 = {
			isa = PBXGroup;
			children = (
				1FAB7D4719CB5F0800515633 /* libportaudio.dylib */,
				1F43E42519C8D6140012C668 /* src */,
				1F43E46719C900110012C668 /* DSG_TEST */,
				1F43E41F19C8D5ED0012C668 /* Products */,
			);
			sourceTree = "<group>";
		};
		1F43E41F19C8D5ED0012C668 /* Products */ = {
			isa = PBXGroup;
			children = (
				1F43E41E19C8D5ED0012C668 /* libDSG.dylib */,
				1F43E44A19C8D6E90012C668 /* libDSG.a */,
				1F43E46619C900110012C668 /* DSG_TEST */,
			);
			name = Products;
			sourceTree = "<group>";
		};
		1F43E42519C8D6140012C668 /* src */ = {
			isa = PBXGroup;
			children = (
				1F7548D71A0ABB2D0078A1F6 /* DSF */,
				1F27F9CA19FA08D4008D2153 /* delay */,
				1F89D72819EBA2D800794DCD /* filters */,
				1FF3EEAC19E39996005047B6 /* Noise */,
				1FE87D6D19D7BD2300E8377B /* EPTR */,
				1FB9FD2419CB1E8B00E42C69 /* DPW */,
				1FB9FCF819CA88F800E42C69 /* DSG.h */,
				1FA8764619CA55DF00AE3EF1 /* BLIT */,
				1F43E47719C901590012C668 /* Core */,
				1FA8763019CA42AD00AE3EF1 /* Fourier */,
				1FA8764319CA464600AE3EF1 /* Analog */,
			);
			name = src;
			sourceTree = "<group>";
		};
		1F43E46719C900110012C668 /* DSG_TEST */ = {
			isa = PBXGroup;
			children = (
				1FAB7D4919CB651700515633 /* Driver.cpp */,
				1FAB7D4A19CB651700515633 /* Driver.h */,
				1F43E46819C900110012C668 /* main.cpp */,
				1F43E46A19C900110012C668 /* DSG_TEST.1 */,
			);
			path = DSG_TEST;
			sourceTree = "<group>";
		};
		1F43E47719C901590012C668 /* Core */ = {
			isa = PBXGroup;
			children = (
				1F1092D119E148F5002DF1A2 /* Sleep.h */,
				1FFD9A4F19D387800060D4DE /* Blackman.h */,
				1F0A763819D267320094C6F5 /* DSGMath.h */,
				1F0A763219D264210094C6F5 /* Denormal.h */,
				1FB9FCF419CA88F800E42C69 /* AudioSettings.cpp */,
				1FB9FCF519CA88F800E42C69 /* AudioSettings.h */,
				1FB9FCF619CA88F800E42C69 /* Buffer.cpp */,
				1FB9FCF719CA88F800E42C69 /* Buffer.h */,
				1FB9FCF919CA88F800E42C69 /* DSGTypes.h */,
				1FB9FCFA19CA88F800E42C69 /* LUT.h */,
				1FB9FCFB19CA88F800E42C69 /* PI.h */,
				1FB9FCFC19CA88F800E42C69 /* RingBuffer.cpp */,
				1FB9FCFD19CA88F800E42C69 /* RingBuffer.h */,
				1FB9FCFE19CA88F800E42C69 /* SignalGenerator.cpp */,
				1FB9FCFF19CA88F800E42C69 /* SignalGenerator.h */,
				1FB9FD0019CA88F800E42C69 /* SignalProcess.cpp */,
				1FB9FD0119CA88F800E42C69 /* SignalProcess.h */,
				1FB9FD0219CA88F800E42C69 /* Sine.h */,
				1FF6ADA019D25548007887C3 /* Sinc.h */,
				1F7123A019ED928B0066884B /* BufferConversion.h */,
				1F9A2E0D19F0F85A009A71CF /* Window.h */,
				1F4CA45819F6DEBA008CFD8C /* GenericGenerator.cpp */,
				1F4CA45919F6DEBA008CFD8C /* GenericGenerator.h */,
				1F3F9F8E19F72632008D3B8B /* Interpolate.h */,
				1FAB5FA61A128E3400F99417 /* Bounds.h */,
				1FC95FCA1A252AAC003088F2 /* MTOF.cpp */,
				1FC95FCB1A252AAC003088F2 /* MTOF.h */,
			);
			name = Core;
			sourceTree = "<group>";
		};
		1F7548D71A0ABB2D0078A1F6 /* DSF */ = {
			isa = PBXGroup;
			children = (
				1F7548D91A0ABB410078A1F6 /* DSF.h */,
			);
			name = DSF;
			sourceTree = "<group>";
		};
		1F89D72819EBA2D800794DCD /* filters */ = {
			isa = PBXGroup;
			children = (
				1F89D72919EBA2EF00794DCD /* DCBlocker.cpp */,
				1F89D72A19EBA2EF00794DCD /* DCBlocker.h */,
				1F949F9719FEF91A00C0DF7E /* Leaky.cpp */,
				1F949F9819FEF91A00C0DF7E /* Leaky.h */,
				1F949F9D19FEFA7100C0DF7E /* Filter.cpp */,
				1F949F9E19FEFA7100C0DF7E /* Filter.h */,
			);
			name = filters;
			sourceTree = "<group>";
		};
		1FA8763019CA42AD00AE3EF1 /* Fourier */ = {
			isa = PBXGroup;
			children = (
				1FB9FCC419CA88D500E42C69 /* FourierSaw.cpp */,
				1FB9FCC519CA88D500E42C69 /* FourierSaw.h */,
				1FB9FCC619CA88D500E42C69 /* FourierSquare.cpp */,
				1FB9FCC719CA88D500E42C69 /* FourierSquare.h */,
				1FB9FCC819CA88D500E42C69 /* FourierTriangle.cpp */,
				1FB9FCC919CA88D500E42C69 /* FourierTriangle.h */,
				1F7387251A1BCD96002D4A50 /* FourierSeries.cpp */,
				1F7387261A1BCD96002D4A50 /* FourierSeries.h */,
			);
			name = Fourier;
			sourceTree = "<group>";
		};
		1FA8764319CA464600AE3EF1 /* Analog */ = {
			isa = PBXGroup;
			children = (
				1FB9FCB819CA88C700E42C69 /* AnalogSaw.cpp */,
				1FB9FCB919CA88C700E42C69 /* AnalogSaw.h */,
				1FB9FCBA19CA88C700E42C69 /* AnalogSquare.cpp */,
				1FB9FCBB19CA88C700E42C69 /* AnalogSquare.h */,
				1FB9FCBC19CA88C700E42C69 /* AnalogTriangle.cpp */,
				1FB9FCBD19CA88C700E42C69 /* AnalogTriangle.h */,
			);
			name = Analog;
			sourceTree = "<group>";
		};
		1FA8764619CA55DF00AE3EF1 /* BLIT */ = {
			isa = PBXGroup;
			children = (
				1FB9FCDC19CA88E900E42C69 /* BLIT.cpp */,
				1FB9FCDD19CA88E900E42C69 /* BLIT.h */,
				1FB9FCDE19CA88E900E42C69 /* BLITSaw.cpp */,
				1FB9FCDF19CA88E900E42C69 /* BLITSaw.h */,
				1FB9FCE019CA88E900E42C69 /* BLITSquare.cpp */,
				1FB9FCE119CA88E900E42C69 /* BLITSquare.h */,
				1FB9FCE219CA88E900E42C69 /* BLITTriangle.cpp */,
				1FB9FCE319CA88E900E42C69 /* BLITTriangle.h */,
			);
			name = BLIT;
			sourceTree = "<group>";
		};
		1FB9FD2419CB1E8B00E42C69 /* DPW */ = {
			isa = PBXGroup;
			children = (
				1FE87D6F19D7BD3C00E8377B /* DPWSaw.h */,
				1FAB5FA91A12E23E00F99417 /* DPW.h */,
			);
			name = DPW;
			sourceTree = "<group>";
		};
		1FE87D6D19D7BD2300E8377B /* EPTR */ = {
			isa = PBXGroup;
			children = (
				1FC3424719DA0F3E004C028E /* EPTRSaw.cpp */,
				1FC3424819DA0F3E004C028E /* EPTRSaw.h */,
			);
			name = EPTR;
			sourceTree = "<group>";
		};
		1FF3EEAC19E39996005047B6 /* Noise */ = {
			isa = PBXGroup;
			children = (
				1FB525A319F5D8FF00252FDB /* NoiseGenerator.cpp */,
				1FB525A419F5D8FF00252FDB /* NoiseGenerator.h */,
				1FF3EEB019E399E5005047B6 /* Gaussian.h */,
				1F49BFD919E5EDB500EA40ED /* Pink.h */,
				1FA5CEA519EE323400B29E71 /* White.h */,
				1F0466DF19F5CD450079D03F /* Noise.h */,
				1F12355519FF791000E63D40 /* Random.h */,
			);
			name = Noise;
			sourceTree = "<group>";
		};
/* End PBXGroup section */

/* Begin PBXHeadersBuildPhase section */
		1F43E41C19C8D5ED0012C668 /* Headers */ = {
			isa = PBXHeadersBuildPhase;
			buildActionMask = 2147483647;
			files = (
				1F7548DC1A0ABB410078A1F6 /* DSF.h in Headers */,
				1F89D72D19EBA2EF00794DCD /* DCBlocker.h in Headers */,
				1FE87D7219D7BD3C00E8377B /* DPWSaw.h in Headers */,
				1FB9FD0A19CA88F800E42C69 /* Buffer.h in Headers */,
				1FB9FCEE19CA88E900E42C69 /* BLITSquare.h in Headers */,
				1F9A2E0E19F0F85A009A71CF /* Window.h in Headers */,
				1FA5CEA619EE323400B29E71 /* White.h in Headers */,
				1FB9FCBF19CA88C700E42C69 /* AnalogSaw.h in Headers */,
				1FB9FD1219CA88F800E42C69 /* PI.h in Headers */,
				1FB525A719F5D8FF00252FDB /* NoiseGenerator.h in Headers */,
				1F949F9B19FEF91A00C0DF7E /* Leaky.h in Headers */,
				1F1092D219E148F5002DF1A2 /* Sleep.h in Headers */,
				1FC3424B19DA0F3E004C028E /* EPTRSaw.h in Headers */,
				1F27F9CF19FA08F0008D2153 /* Delay.h in Headers */,
				1F49BFDA19E5EDB500EA40ED /* Pink.h in Headers */,
				1F0A763919D267320094C6F5 /* DSGMath.h in Headers */,
				1FFD9A5019D387800060D4DE /* Blackman.h in Headers */,
				1FB9FCCC19CA88D500E42C69 /* FourierSaw.h in Headers */,
				1F7387291A1BCD96002D4A50 /* FourierSeries.h in Headers */,
				1F949FA119FEFA7100C0DF7E /* Filter.h in Headers */,
				1F0466E019F5CD450079D03F /* Noise.h in Headers */,
				1FB9FCC119CA88C700E42C69 /* AnalogSquare.h in Headers */,
				1FAB5FAA1A12E23E00F99417 /* DPW.h in Headers */,
				1FB9FD0C19CA88F800E42C69 /* DSG.h in Headers */,
				1FF6ADA319D25548007887C3 /* Sinc.h in Headers */,
				1FB9FCD419CA88D500E42C69 /* FourierTriangle.h in Headers */,
				1FB9FD1E19CA88F800E42C69 /* SignalProcess.h in Headers */,
				1F0A763319D264210094C6F5 /* Denormal.h in Headers */,
				1FF3EEB119E399E5005047B6 /* Gaussian.h in Headers */,
				1F12355619FF791000E63D40 /* Random.h in Headers */,
				1FB9FCD019CA88D500E42C69 /* FourierSquare.h in Headers */,
				1F3F9F8F19F72632008D3B8B /* Interpolate.h in Headers */,
				1FAB5FA71A128E3400F99417 /* Bounds.h in Headers */,
				1FB9FCEA19CA88E900E42C69 /* BLITSaw.h in Headers */,
				1F4CA45C19F6DEBA008CFD8C /* GenericGenerator.h in Headers */,
				1FB9FD1019CA88F800E42C69 /* LUT.h in Headers */,
				1FC95FCE1A252AAC003088F2 /* MTOF.h in Headers */,
				1FB9FCC319CA88C700E42C69 /* AnalogTriangle.h in Headers */,
				1FB9FCE619CA88E900E42C69 /* BLIT.h in Headers */,
				1FB9FD0619CA88F800E42C69 /* AudioSettings.h in Headers */,
				1FB9FD2019CA88F800E42C69 /* Sine.h in Headers */,
				1FB9FD1A19CA88F800E42C69 /* SignalGenerator.h in Headers */,
				1F7123A319ED928B0066884B /* BufferConversion.h in Headers */,
				1FB9FCF219CA88E900E42C69 /* BLITTriangle.h in Headers */,
				1FB9FD1619CA88F800E42C69 /* RingBuffer.h in Headers */,
				1FB9FD0E19CA88F800E42C69 /* DSGTypes.h in Headers */,
			);
			runOnlyForDeploymentPostprocessing = 0;
		};
		1F43E44819C8D6E90012C668 /* Headers */ = {
			isa = PBXHeadersBuildPhase;
			buildActionMask = 2147483647;
			files = (
				1F7548DD1A0ABB410078A1F6 /* DSF.h in Headers */,
				1F89D72E19EBA2EF00794DCD /* DCBlocker.h in Headers */,
				1FE87D7319D7BD3C00E8377B /* DPWSaw.h in Headers */,
				1FB9FD0B19CA88F800E42C69 /* Buffer.h in Headers */,
				1FB9FCEF19CA88E900E42C69 /* BLITSquare.h in Headers */,
				1F9A2E0F19F0F85A009A71CF /* Window.h in Headers */,
				1FA5CEA719EE323400B29E71 /* White.h in Headers */,
				1FB9FCD519CA88D500E42C69 /* FourierTriangle.h in Headers */,
				1FB9FD1319CA88F800E42C69 /* PI.h in Headers */,
				1FB525A819F5D8FF00252FDB /* NoiseGenerator.h in Headers */,
				1F949F9C19FEF91A00C0DF7E /* Leaky.h in Headers */,
				1F1092D319E148F5002DF1A2 /* Sleep.h in Headers */,
				1FC3424C19DA0F3E004C028E /* EPTRSaw.h in Headers */,
				1F27F9D019FA08F0008D2153 /* Delay.h in Headers */,
				1F49BFDB19E5EDB500EA40ED /* Pink.h in Headers */,
				1F0A763A19D267320094C6F5 /* DSGMath.h in Headers */,
				1FFD9A5119D387800060D4DE /* Blackman.h in Headers */,
				1FB9FCD119CA88D500E42C69 /* FourierSquare.h in Headers */,
				1F73872A1A1BCD96002D4A50 /* FourierSeries.h in Headers */,
				1F949FA219FEFA7100C0DF7E /* Filter.h in Headers */,
				1F0466E119F5CD450079D03F /* Noise.h in Headers */,
				1FB9FCDB19CA88D900E42C69 /* AnalogTriangle.h in Headers */,
				1FAB5FAB1A12E23E00F99417 /* DPW.h in Headers */,
				1FB9FD0D19CA88F800E42C69 /* DSG.h in Headers */,
				1FF6ADA419D25548007887C3 /* Sinc.h in Headers */,
				1FB9FCD719CA88D900E42C69 /* AnalogSaw.h in Headers */,
				1FB9FD1F19CA88F800E42C69 /* SignalProcess.h in Headers */,
				1F0A763419D264210094C6F5 /* Denormal.h in Headers */,
				1FF3EEB219E399E5005047B6 /* Gaussian.h in Headers */,
				1F12355719FF791000E63D40 /* Random.h in Headers */,
				1FB9FCD919CA88D900E42C69 /* AnalogSquare.h in Headers */,
				1F3F9F9019F72632008D3B8B /* Interpolate.h in Headers */,
				1FAB5FA81A128E3400F99417 /* Bounds.h in Headers */,
				1FB9FCEB19CA88E900E42C69 /* BLITSaw.h in Headers */,
				1F4CA45D19F6DEBA008CFD8C /* GenericGenerator.h in Headers */,
				1FB9FD1119CA88F800E42C69 /* LUT.h in Headers */,
				1FC95FCF1A252AAC003088F2 /* MTOF.h in Headers */,
				1FB9FCCD19CA88D500E42C69 /* FourierSaw.h in Headers */,
				1FB9FCE719CA88E900E42C69 /* BLIT.h in Headers */,
				1FB9FD0719CA88F800E42C69 /* AudioSettings.h in Headers */,
				1FB9FD2119CA88F800E42C69 /* Sine.h in Headers */,
				1FB9FD1B19CA88F800E42C69 /* SignalGenerator.h in Headers */,
				1F7123A419ED928B0066884B /* BufferConversion.h in Headers */,
				1FB9FCF319CA88E900E42C69 /* BLITTriangle.h in Headers */,
				1FB9FD1719CA88F800E42C69 /* RingBuffer.h in Headers */,
				1FB9FD0F19CA88F800E42C69 /* DSGTypes.h in Headers */,
			);
			runOnlyForDeploymentPostprocessing = 0;
		};
/* End PBXHeadersBuildPhase section */

/* Begin PBXNativeTarget section */
		1F43E41D19C8D5ED0012C668 /* DSG */ = {
			isa = PBXNativeTarget;
			buildConfigurationList = 1F43E42219C8D5ED0012C668 /* Build configuration list for PBXNativeTarget "DSG" */;
			buildPhases = (
				1F43E41A19C8D5ED0012C668 /* Sources */,
				1F43E41B19C8D5ED0012C668 /* Frameworks */,
				1F43E41C19C8D5ED0012C668 /* Headers */,
			);
			buildRules = (
			);
			dependencies = (
			);
			name = DSG;
			productName = DSG;
			productReference = 1F43E41E19C8D5ED0012C668 /* libDSG.dylib */;
			productType = "com.apple.product-type.library.dynamic";
		};
		1F43E44919C8D6E90012C668 /* DSG_static */ = {
			isa = PBXNativeTarget;
			buildConfigurationList = 1F43E44B19C8D6E90012C668 /* Build configuration list for PBXNativeTarget "DSG_static" */;
			buildPhases = (
				1F43E44619C8D6E90012C668 /* Sources */,
				1F43E44719C8D6E90012C668 /* Frameworks */,
				1F43E44819C8D6E90012C668 /* Headers */,
			);
			buildRules = (
			);
			dependencies = (
			);
			name = DSG_static;
			productName = DSG_static;
			productReference = 1F43E44A19C8D6E90012C668 /* libDSG.a */;
			productType = "com.apple.product-type.library.static";
		};
		1F43E46519C900110012C668 /* DSG_TEST */ = {
			isa = PBXNativeTarget;
			buildConfigurationList = 1F43E46C19C900110012C668 /* Build configuration list for PBXNativeTarget "DSG_TEST" */;
			buildPhases = (
				1F43E46219C900110012C668 /* Sources */,
				1F43E46319C900110012C668 /* Frameworks */,
				1F43E46419C900110012C668 /* CopyFiles */,
			);
			buildRules = (
			);
			dependencies = (
				1FDECB6A19DB864200B482C3 /* PBXTargetDependency */,
				1FDECB6819DB863F00B482C3 /* PBXTargetDependency */,
			);
			name = DSG_TEST;
			productName = DSG_TEST;
			productReference = 1F43E46619C900110012C668 /* DSG_TEST */;
			productType = "com.apple.product-type.tool";
		};
/* End PBXNativeTarget section */

/* Begin PBXProject section */
		1F43E41619C8D5EC0012C668 /* Project object */ = {
			isa = PBXProject;
			attributes = {
				LastUpgradeCheck = 0610;
				ORGANIZATIONNAME = "Alexander Zywicki";
			};
			buildConfigurationList = 1F43E41919C8D5EC0012C668 /* Build configuration list for PBXProject "DSG" */;
			compatibilityVersion = "Xcode 3.2";
			developmentRegion = English;
			hasScannedForEncodings = 0;
			knownRegions = (
				en,
			);
			mainGroup = 1F43E41519C8D5EC0012C668;
			productRefGroup = 1F43E41F19C8D5ED0012C668 /* Products */;
			projectDirPath = "";
			projectRoot = "";
			targets = (
				1F43E41D19C8D5ED0012C668 /* DSG */,
				1F43E44919C8D6E90012C668 /* DSG_static */,
				1F43E45A19C8D71C0012C668 /* BUILD ALL */,
				1F43E46519C900110012C668 /* DSG_TEST */,
			);
		};
/* End PBXProject section */

/* Begin PBXShellScriptBuildPhase section */
		1FC6E7A519DE36C00082AE73 /* ShellScript */ = {
			isa = PBXShellScriptBuildPhase;
			buildActionMask = 2147483647;
			files = (
			);
			inputPaths = (
			);
			outputPaths = (
			);
			runOnlyForDeploymentPostprocessing = 0;
			shellPath = /bin/sh;
			shellScript = "rm -p /usr/local/include/DSG\nmkdir -p /usr/local/include/DSG\ncp ~/Documents/DSG/src/*.h /usr/local/include/DSG";
		};
/* End PBXShellScriptBuildPhase section */

/* Begin PBXSourcesBuildPhase section */
		1F43E41A19C8D5ED0012C668 /* Sources */ = {
			isa = PBXSourcesBuildPhase;
			buildActionMask = 2147483647;
			files = (
				1F949F9F19FEFA7100C0DF7E /* Filter.cpp in Sources */,
				1FB9FCF019CA88E900E42C69 /* BLITTriangle.cpp in Sources */,
				1FC95FCC1A252AAC003088F2 /* MTOF.cpp in Sources */,
				1FB525A519F5D8FF00252FDB /* NoiseGenerator.cpp in Sources */,
				1F89D72B19EBA2EF00794DCD /* DCBlocker.cpp in Sources */,
				1FB9FD1819CA88F800E42C69 /* SignalGenerator.cpp in Sources */,
				1F7387271A1BCD96002D4A50 /* FourierSeries.cpp in Sources */,
				1FC3424919DA0F3E004C028E /* EPTRSaw.cpp in Sources */,
				1F949F9919FEF91A00C0DF7E /* Leaky.cpp in Sources */,
				1F4CA45A19F6DEBA008CFD8C /* GenericGenerator.cpp in Sources */,
				1FB9FD1419CA88F800E42C69 /* RingBuffer.cpp in Sources */,
				1FB9FD0819CA88F800E42C69 /* Buffer.cpp in Sources */,
				1FB9FCCE19CA88D500E42C69 /* FourierSquare.cpp in Sources */,
				1FB9FCE419CA88E900E42C69 /* BLIT.cpp in Sources */,
				1FB9FCE819CA88E900E42C69 /* BLITSaw.cpp in Sources */,
				1FB9FCC019CA88C700E42C69 /* AnalogSquare.cpp in Sources */,
				1FB9FCC219CA88C700E42C69 /* AnalogTriangle.cpp in Sources */,
				1FB9FCEC19CA88E900E42C69 /* BLITSquare.cpp in Sources */,
				1FB9FD0419CA88F800E42C69 /* AudioSettings.cpp in Sources */,
				1FB9FCCA19CA88D500E42C69 /* FourierSaw.cpp in Sources */,
				1FB9FCD219CA88D500E42C69 /* FourierTriangle.cpp in Sources */,
				1FB9FCBE19CA88C700E42C69 /* AnalogSaw.cpp in Sources */,
				1FB9FD1C19CA88F800E42C69 /* SignalProcess.cpp in Sources */,
			);
			runOnlyForDeploymentPostprocessing = 0;
		};
		1F43E44619C8D6E90012C668 /* Sources */ = {
			isa = PBXSourcesBuildPhase;
			buildActionMask = 2147483647;
			files = (
				1F949FA019FEFA7100C0DF7E /* Filter.cpp in Sources */,
				1FB9FCF119CA88E900E42C69 /* BLITTriangle.cpp in Sources */,
				1FC95FCD1A252AAC003088F2 /* MTOF.cpp in Sources */,
				1FB525A619F5D8FF00252FDB /* NoiseGenerator.cpp in Sources */,
				1F89D72C19EBA2EF00794DCD /* DCBlocker.cpp in Sources */,
				1FB9FD1919CA88F800E42C69 /* SignalGenerator.cpp in Sources */,
				1F7387281A1BCD96002D4A50 /* FourierSeries.cpp in Sources */,
				1FC3424A19DA0F3E004C028E /* EPTRSaw.cpp in Sources */,
				1F949F9A19FEF91A00C0DF7E /* Leaky.cpp in Sources */,
				1F4CA45B19F6DEBA008CFD8C /* GenericGenerator.cpp in Sources */,
				1FB9FD1519CA88F800E42C69 /* RingBuffer.cpp in Sources */,
				1FB9FD0919CA88F800E42C69 /* Buffer.cpp in Sources */,
				1FB9FCCB19CA88D500E42C69 /* FourierSaw.cpp in Sources */,
				1FB9FCE519CA88E900E42C69 /* BLIT.cpp in Sources */,
				1FB9FCE919CA88E900E42C69 /* BLITSaw.cpp in Sources */,
				1FB9FCDA19CA88D900E42C69 /* AnalogTriangle.cpp in Sources */,
				1FB9FCD319CA88D500E42C69 /* FourierTriangle.cpp in Sources */,
				1FB9FCED19CA88E900E42C69 /* BLITSquare.cpp in Sources */,
				1FB9FD0519CA88F800E42C69 /* AudioSettings.cpp in Sources */,
				1FB9FCCF19CA88D500E42C69 /* FourierSquare.cpp in Sources */,
				1FB9FCD819CA88D900E42C69 /* AnalogSquare.cpp in Sources */,
				1FB9FCD619CA88D900E42C69 /* AnalogSaw.cpp in Sources */,
				1FB9FD1D19CA88F800E42C69 /* SignalProcess.cpp in Sources */,
			);
			runOnlyForDeploymentPostprocessing = 0;
		};
		1F43E46219C900110012C668 /* Sources */ = {
			isa = PBXSourcesBuildPhase;
			buildActionMask = 2147483647;
			files = (
				1F43E46919C900110012C668 /* main.cpp in Sources */,
				1FAB7D4B19CB651700515633 /* Driver.cpp in Sources */,
			);
			runOnlyForDeploymentPostprocessing = 0;
		};
/* End PBXSourcesBuildPhase section */

/* Begin PBXTargetDependency section */
		1F43E45F19C8D7260012C668 /* PBXTargetDependency */ = {
			isa = PBXTargetDependency;
			target = 1F43E41D19C8D5ED0012C668 /* DSG */;
			targetProxy = 1F43E45E19C8D7260012C668 /* PBXContainerItemProxy */;
		};
		1F43E46119C8D7260012C668 /* PBXTargetDependency */ = {
			isa = PBXTargetDependency;
			target = 1F43E44919C8D6E90012C668 /* DSG_static */;
			targetProxy = 1F43E46019C8D7260012C668 /* PBXContainerItemProxy */;
		};
		1FDECB6819DB863F00B482C3 /* PBXTargetDependency */ = {
			isa = PBXTargetDependency;
			target = 1F43E44919C8D6E90012C668 /* DSG_static */;
			targetProxy = 1FDECB6719DB863F00B482C3 /* PBXContainerItemProxy */;
		};
		1FDECB6A19DB864200B482C3 /* PBXTargetDependency */ = {
			isa = PBXTargetDependency;
			target = 1F43E41D19C8D5ED0012C668 /* DSG */;
			targetProxy = 1FDECB6919DB864200B482C3 /* PBXContainerItemProxy */;
		};
/* End PBXTargetDependency section */

/* Begin XCBuildConfiguration section */
		1F43E42019C8D5ED0012C668 /* Debug */ = {
			isa = XCBuildConfiguration;
			buildSettings = {
				ALWAYS_SEARCH_USER_PATHS = NO;
				CLANG_CXX_LANGUAGE_STANDARD = "gnu++0x";
				CLANG_ENABLE_MODULES = YES;
				CLANG_ENABLE_OBJC_ARC = YES;
				CLANG_STATIC_ANALYZER_MODE = deep;
				CLANG_WARN_BOOL_CONVERSION = YES;
				CLANG_WARN_CONSTANT_CONVERSION = YES;
				CLANG_WARN_DIRECT_OBJC_ISA_USAGE = YES_ERROR;
				CLANG_WARN_EMPTY_BODY = YES;
				CLANG_WARN_ENUM_CONVERSION = YES;
				CLANG_WARN_INT_CONVERSION = YES;
				CLANG_WARN_OBJC_ROOT_CLASS = YES_ERROR;
				CLANG_WARN__DUPLICATE_METHOD_MATCH = YES;
				COPY_PHASE_STRIP = NO;
				GCC_AUTO_VECTORIZATION = YES;
				GCC_C_LANGUAGE_STANDARD = "compiler-default";
				GCC_DYNAMIC_NO_PIC = NO;
				GCC_ENABLE_OBJC_EXCEPTIONS = YES;
				GCC_ENABLE_SSE3_EXTENSIONS = YES;
				GCC_ENABLE_SSE41_EXTENSIONS = YES;
				GCC_ENABLE_SSE42_EXTENSIONS = YES;
				GCC_FAST_MATH = YES;
				GCC_OPTIMIZATION_LEVEL = 3;
				GCC_PREPROCESSOR_DEFINITIONS = (
					"DEBUG=1",
					"$(inherited)",
				);
				GCC_SYMBOLS_PRIVATE_EXTERN = NO;
				GCC_UNROLL_LOOPS = YES;
				GCC_VERSION = 4.9;
				GCC_WARN_64_TO_32_BIT_CONVERSION = YES;
				GCC_WARN_ABOUT_RETURN_TYPE = YES_ERROR;
				GCC_WARN_UNDECLARED_SELECTOR = YES;
				GCC_WARN_UNINITIALIZED_AUTOS = YES_AGGRESSIVE;
				GCC_WARN_UNUSED_FUNCTION = YES;
				GCC_WARN_UNUSED_VARIABLE = YES;
				MACOSX_DEPLOYMENT_TARGET = 10.9;
				ONLY_ACTIVE_ARCH = YES;
				OTHER_CPLUSPLUSFLAGS = (
					"$(OTHER_CFLAGS)",
					"-std=c++11",
				);
				SDKROOT = macosx;
			};
			name = Debug;
		};
		1F43E42119C8D5ED0012C668 /* Release */ = {
			isa = XCBuildConfiguration;
			buildSettings = {
				ALWAYS_SEARCH_USER_PATHS = NO;
				CLANG_CXX_LANGUAGE_STANDARD = "gnu++0x";
				CLANG_ENABLE_MODULES = YES;
				CLANG_ENABLE_OBJC_ARC = YES;
				CLANG_STATIC_ANALYZER_MODE = deep;
				CLANG_WARN_BOOL_CONVERSION = YES;
				CLANG_WARN_CONSTANT_CONVERSION = YES;
				CLANG_WARN_DIRECT_OBJC_ISA_USAGE = YES_ERROR;
				CLANG_WARN_EMPTY_BODY = YES;
				CLANG_WARN_ENUM_CONVERSION = YES;
				CLANG_WARN_INT_CONVERSION = YES;
				CLANG_WARN_OBJC_ROOT_CLASS = YES_ERROR;
				CLANG_WARN__DUPLICATE_METHOD_MATCH = YES;
				COPY_PHASE_STRIP = YES;
				DEBUG_INFORMATION_FORMAT = "dwarf-with-dsym";
				ENABLE_NS_ASSERTIONS = NO;
				GCC_AUTO_VECTORIZATION = YES;
				GCC_C_LANGUAGE_STANDARD = "compiler-default";
				GCC_ENABLE_OBJC_EXCEPTIONS = YES;
				GCC_ENABLE_SSE3_EXTENSIONS = YES;
				GCC_ENABLE_SSE41_EXTENSIONS = YES;
				GCC_ENABLE_SSE42_EXTENSIONS = YES;
				GCC_FAST_MATH = YES;
				GCC_UNROLL_LOOPS = YES;
				GCC_VERSION = 4.9;
				GCC_WARN_64_TO_32_BIT_CONVERSION = YES;
				GCC_WARN_ABOUT_RETURN_TYPE = YES_ERROR;
				GCC_WARN_UNDECLARED_SELECTOR = YES;
				GCC_WARN_UNINITIALIZED_AUTOS = YES_AGGRESSIVE;
				GCC_WARN_UNUSED_FUNCTION = YES;
				GCC_WARN_UNUSED_VARIABLE = YES;
				MACOSX_DEPLOYMENT_TARGET = 10.9;
				OTHER_CPLUSPLUSFLAGS = (
					"$(OTHER_CFLAGS)",
					"-std=c++11",
				);
				SDKROOT = macosx;
			};
			name = Release;
		};
		1F43E42319C8D5ED0012C668 /* Debug */ = {
			isa = XCBuildConfiguration;
			buildSettings = {
				COMBINE_HIDPI_IMAGES = YES;
				EXECUTABLE_PREFIX = lib;
				GCC_VERSION = 4.9;
				New_Setting = "";
				PRODUCT_NAME = "$(TARGET_NAME)";
			};
			name = Debug;
		};
		1F43E42419C8D5ED0012C668 /* Release */ = {
			isa = XCBuildConfiguration;
			buildSettings = {
				CLANG_USE_OPTIMIZATION_PROFILE = YES;
				COMBINE_HIDPI_IMAGES = YES;
				EXECUTABLE_PREFIX = lib;
				GCC_VERSION = 4.9;
				New_Setting = "";
				PRODUCT_NAME = "$(TARGET_NAME)";
			};
			name = Release;
		};
		1F43E44C19C8D6E90012C668 /* Debug */ = {
			isa = XCBuildConfiguration;
			buildSettings = {
				COMBINE_HIDPI_IMAGES = YES;
				EXECUTABLE_PREFIX = lib;
				GCC_PREPROCESSOR_DEFINITIONS = (
					"DEBUG=1",
					"$(inherited)",
				);
				GCC_VERSION = 4.9;
				PRODUCT_NAME = DSG;
			};
			name = Debug;
		};
		1F43E44D19C8D6E90012C668 /* Release */ = {
			isa = XCBuildConfiguration;
			buildSettings = {
				CLANG_USE_OPTIMIZATION_PROFILE = YES;
				COMBINE_HIDPI_IMAGES = YES;
				EXECUTABLE_PREFIX = lib;
				GCC_VERSION = 4.9;
				PRODUCT_NAME = DSG;
			};
			name = Release;
		};
		1F43E45C19C8D71C0012C668 /* Debug */ = {
			isa = XCBuildConfiguration;
			buildSettings = {
				GCC_VERSION = 4.9;
				PRODUCT_NAME = "$(TARGET_NAME)";
			};
			name = Debug;
		};
		1F43E45D19C8D71C0012C668 /* Release */ = {
			isa = XCBuildConfiguration;
			buildSettings = {
				CLANG_USE_OPTIMIZATION_PROFILE = YES;
				GCC_VERSION = 4.9;
				PRODUCT_NAME = "$(TARGET_NAME)";
			};
			name = Release;
		};
		1F43E46D19C900110012C668 /* Debug */ = {
			isa = XCBuildConfiguration;
			buildSettings = {
				GCC_OPTIMIZATION_LEVEL = 3;
				GCC_PREPROCESSOR_DEFINITIONS = (
					"DEBUG=1",
					"$(inherited)",
				);
				GCC_VERSION = 4.9;
				HEADER_SEARCH_PATHS = (
					"$(inherited)",
					/Applications/Xcode.app/Contents/Developer/Toolchains/XcodeDefault.xctoolchain/usr/include,
					"../src/**",
					/usr/local/include,
				);
				LIBRARY_SEARCH_PATHS = /usr/local/lib;
				MACH_O_TYPE = mh_execute;
				OTHER_CPLUSPLUSFLAGS = (
					"$(OTHER_CFLAGS)",
					"-std=c++11",
					"-fvisibility=hidden",
				);
				PRODUCT_NAME = "$(TARGET_NAME)";
			};
			name = Debug;
		};
		1F43E46E19C900110012C668 /* Release */ = {
			isa = XCBuildConfiguration;
			buildSettings = {
				CLANG_USE_OPTIMIZATION_PROFILE = NO;
				GCC_OPTIMIZATION_LEVEL = 3;
				GCC_VERSION = 4.9;
				HEADER_SEARCH_PATHS = (
					"$(inherited)",
					/Applications/Xcode.app/Contents/Developer/Toolchains/XcodeDefault.xctoolchain/usr/include,
					"../src/**",
					/usr/local/include,
				);
				LIBRARY_SEARCH_PATHS = /usr/local/lib;
				MACH_O_TYPE = mh_execute;
				OTHER_CPLUSPLUSFLAGS = (
					"$(OTHER_CFLAGS)",
					"-std=c++11",
					"-fvisibility=hidden",
				);
				PRODUCT_NAME = "$(TARGET_NAME)";
			};
			name = Release;
		};
/* End XCBuildConfiguration section */

/* Begin XCConfigurationList section */
		1F43E41919C8D5EC0012C668 /* Build configuration list for PBXProject "DSG" */ = {
			isa = XCConfigurationList;
			buildConfigurations = (
				1F43E42019C8D5ED0012C668 /* Debug */,
				1F43E42119C8D5ED0012C668 /* Release */,
			);
			defaultConfigurationIsVisible = 0;
			defaultConfigurationName = Release;
		};
		1F43E42219C8D5ED0012C668 /* Build configuration list for PBXNativeTarget "DSG" */ = {
			isa = XCConfigurationList;
			buildConfigurations = (
				1F43E42319C8D5ED0012C668 /* Debug */,
				1F43E42419C8D5ED0012C668 /* Release */,
			);
			defaultConfigurationIsVisible = 0;
			defaultConfigurationName = Release;
		};
		1F43E44B19C8D6E90012C668 /* Build configuration list for PBXNativeTarget "DSG_static" */ = {
			isa = XCConfigurationList;
			buildConfigurations = (
				1F43E44C19C8D6E90012C668 /* Debug */,
				1F43E44D19C8D6E90012C668 /* Release */,
			);
			defaultConfigurationIsVisible = 0;
			defaultConfigurationName = Release;
		};
		1F43E45B19C8D71C0012C668 /* Build configuration list for PBXAggregateTarget "BUILD ALL" */ = {
			isa = XCConfigurationList;
			buildConfigurations = (
				1F43E45C19C8D71C0012C668 /* Debug */,
				1F43E45D19C8D71C0012C668 /* Release */,
			);
			defaultConfigurationIsVisible = 0;
			defaultConfigurationName = Release;
		};
		1F43E46C19C900110012C668 /* Build configuration list for PBXNativeTarget "DSG_TEST" */ = {
			isa = XCConfigurationList;
			buildConfigurations = (
				1F43E46D19C900110012C668 /* Debug */,
				1F43E46E19C900110012C668 /* Release */,
			);
			defaultConfigurationIsVisible = 0;
			defaultConfigurationName = Release;
		};
/* End XCConfigurationList section */
	};
	rootObject = 1F43E41619C8D5EC0012C668 /* Project object */;
}
